
Microsoft Visual Studio Solution File, Format Version 12.00
# Visual Studio Version 16
VisualStudioVersion = 16.0.32002.261
MinimumVisualStudioVersion = 10.0.40219.1
Project("{FAE04EC0-301F-11D3-BF4B-00C04F79EFBC}") = "NetworkProgramming", "NetworkProgramming\NetworkProgramming.csproj", "{63B3D875-E116-4484-B892-F3935E868758}"
EndProject
Project("{FAE04EC0-301F-11D3-BF4B-00C04F79EFBC}") = "Generics", "Generics\Generics.csproj", "{016F6042-0D33-4ED4-8855-8A59037187DC}"
EndProject
Project("{FAE04EC0-301F-11D3-BF4B-00C04F79EFBC}") = "SystemIO", "SystemIO\SystemIO.csproj", "{5F27D10B-9B8B-4A99-862C-DE880A89FD7A}"
EndProject
Project("{FAE04EC0-301F-11D3-BF4B-00C04F79EFBC}") = "Serialize", "Serialize\Serialize.csproj", "{E578BD9C-DC00-4A30-A6CD-3DE85BC274E6}"
EndProject
Project("{FAE04EC0-301F-11D3-BF4B-00C04F79EFBC}") = "Processes", "Processes\Processes.csproj", "{11EDAC50-D052-4468-B68A-B79CCABD646F}"
EndProject
Project("{FAE04EC0-301F-11D3-BF4B-00C04F79EFBC}") = "TPL", "TPL\TPL.csproj", "{DB25A59B-B25A-4866-A16A-74734B4EFCBD}"
EndProject
Project("{FAE04EC0-301F-11D3-BF4B-00C04F79EFBC}") = "WPFGeneral", "WPFGeneral\WPFGeneral.csproj", "{9AB1F12E-B5BB-4D80-8D00-2D3692ECA871}"
EndProject
Global
	GlobalSection(SolutionConfigurationPlatforms) = preSolution
		Debug|Any CPU = Debug|Any CPU
		Release|Any CPU = Release|Any CPU
	EndGlobalSection
	GlobalSection(ProjectConfigurationPlatforms) = postSolution
		{63B3D875-E116-4484-B892-F3935E868758}.Debug|Any CPU.ActiveCfg = Debug|Any CPU
		{63B3D875-E116-4484-B892-F3935E868758}.Debug|Any CPU.Build.0 = Debug|Any CPU
		{63B3D875-E116-4484-B892-F3935E868758}.Release|Any CPU.ActiveCfg = Release|Any CPU
		{63B3D875-E116-4484-B892-F3935E868758}.Release|Any CPU.Build.0 = Release|Any CPU
		{016F6042-0D33-4ED4-8855-8A59037187DC}.Debug|Any CPU.ActiveCfg = Debug|Any CPU
		{016F6042-0D33-4ED4-8855-8A59037187DC}.Debug|Any CPU.Build.0 = Debug|Any CPU
		{016F6042-0D33-4ED4-8855-8A59037187DC}.Release|Any CPU.ActiveCfg = Release|Any CPU
		{016F6042-0D33-4ED4-8855-8A59037187DC}.Release|Any CPU.Build.0 = Release|Any CPU
		{5F27D10B-9B8B-4A99-862C-DE880A89FD7A}.Debug|Any CPU.ActiveCfg = Debug|Any CPU
		{5F27D10B-9B8B-4A99-862C-DE880A89FD7A}.Debug|Any CPU.Build.0 = Debug|Any CPU
		{5F27D10B-9B8B-4A99-862C-DE880A89FD7A}.Release|Any CPU.ActiveCfg = Release|Any CPU
		{5F27D10B-9B8B-4A99-862C-DE880A89FD7A}.Release|Any CPU.Build.0 = Release|Any CPU
		{E578BD9C-DC00-4A30-A6CD-3DE85BC274E6}.Debug|Any CPU.ActiveCfg = Debug|Any CPU
		{E578BD9C-DC00-4A30-A6CD-3DE85BC274E6}.Debug|Any CPU.Build.0 = Debug|Any CPU
		{E578BD9C-DC00-4A30-A6CD-3DE85BC274E6}.Release|Any CPU.ActiveCfg = Release|Any CPU
		{E578BD9C-DC00-4A30-A6CD-3DE85BC274E6}.Release|Any CPU.Build.0 = Release|Any CPU
		{11EDAC50-D052-4468-B68A-B79CCABD646F}.Debug|Any CPU.ActiveCfg = Debug|Any CPU
		{11EDAC50-D052-4468-B68A-B79CCABD646F}.Debug|Any CPU.Build.0 = Debug|Any CPU
		{11EDAC50-D052-4468-B68A-B79CCABD646F}.Release|Any CPU.ActiveCfg = Release|Any CPU
		{11EDAC50-D052-4468-B68A-B79CCABD646F}.Release|Any CPU.Build.0 = Release|Any CPU
		{DB25A59B-B25A-4866-A16A-74734B4EFCBD}.Debug|Any CPU.ActiveCfg = Debug|Any CPU
		{DB25A59B-B25A-4866-A16A-74734B4EFCBD}.Debug|Any CPU.Build.0 = Debug|Any CPU
		{DB25A59B-B25A-4866-A16A-74734B4EFCBD}.Release|Any CPU.ActiveCfg = Release|Any CPU
		{DB25A59B-B25A-4866-A16A-74734B4EFCBD}.Release|Any CPU.Build.0 = Release|Any CPU
		{9AB1F12E-B5BB-4D80-8D00-2D3692ECA871}.Debug|Any CPU.ActiveCfg = Debug|Any CPU
		{9AB1F12E-B5BB-4D80-8D00-2D3692ECA871}.Debug|Any CPU.Build.0 = Debug|Any CPU
		{9AB1F12E-B5BB-4D80-8D00-2D3692ECA871}.Release|Any CPU.ActiveCfg = Release|Any CPU
		{9AB1F12E-B5BB-4D80-8D00-2D3692ECA871}.Release|Any CPU.Build.0 = Release|Any CPU
	EndGlobalSection
	GlobalSection(SolutionProperties) = preSolution
		HideSolutionNode = FALSE
	EndGlobalSection
	GlobalSection(ExtensibilityGlobals) = postSolution
		SolutionGuid = {2BDFED7D-32B0-4186-BE17-491699424ECF}
	EndGlobalSection
EndGlobal
